
Microsoft Visual Studio Solution File, Format Version 12.00
# Visual Studio Version 17
VisualStudioVersion = 17.8.34525.116
MinimumVisualStudioVersion = 10.0.40219.1
Project("{FAE04EC0-301F-11D3-BF4B-00C04F79EFBC}") = "CSharp-Solutions", "CSharp-Solutions\CSharp-Solutions.csproj", "{AC8B83BB-352D-4C05-98E3-9FF568164648}"
EndProject
Global
	GlobalSection(SolutionConfigurationPlatforms) = preSolution
		Debug|Any CPU = Debug|Any CPU
		Release|Any CPU = Release|Any CPU
	EndGlobalSection
	GlobalSection(ProjectConfigurationPlatforms) = postSolution
		{AC8B83BB-352D-4C05-98E3-9FF568164648}.Debug|Any CPU.ActiveCfg = Debug|Any CPU
		{AC8B83BB-352D-4C05-98E3-9FF568164648}.Debug|Any CPU.Build.0 = Debug|Any CPU
		{AC8B83BB-352D-4C05-98E3-9FF568164648}.Release|Any CPU.ActiveCfg = Release|Any CPU
		{AC8B83BB-352D-4C05-98E3-9FF568164648}.Release|Any CPU.Build.0 = Release|Any CPU
	EndGlobalSection
	GlobalSection(SolutionProperties) = preSolution
		HideSolutionNode = FALSE
	EndGlobalSection
	GlobalSection(ExtensibilityGlobals) = postSolution
		SolutionGuid = {DA1068E0-3560-499B-BA00-8278C52E6DA2}
	EndGlobalSection
EndGlobal
